<?xml version="1.0" encoding="utf-8"?>
<Project ToolsVersion="4.0" xmlns="http://schemas.microsoft.com/developer/msbuild/2003">
  <ItemGroup>
    <Filter Include="소스 파일">
      <UniqueIdentifier>{4FC737F1-C7A5-4376-A066-2A32D752A2FF}</UniqueIdentifier>
      <Extensions>cpp;c;cc;cxx;c++;cppm;ixx;def;odl;idl;hpj;bat;asm;asmx</Extensions>
    </Filter>
    <Filter Include="리소스 파일">
      <UniqueIdentifier>{67DA6AB6-F800-4c08-8B7A-83BB121AAD01}</UniqueIdentifier>
      <Extensions>rc;ico;cur;bmp;dlg;rc2;rct;bin;rgs;gif;jpg;jpeg;jpe;resx;tiff;tif;png;wav;mfcribbon-ms</Extensions>
    </Filter>
    <Filter Include="소스 파일\NetLib">
      <UniqueIdentifier>{8312d5a0-1669-46dd-9266-e9216478e4aa}</UniqueIdentifier>
    </Filter>
    <Filter Include="소스 파일\NetLib\BaseServer">
      <UniqueIdentifier>{a562b4e1-ae56-45c3-99a3-ff1c4c3e4ff9}</UniqueIdentifier>
    </Filter>
    <Filter Include="소스 파일\NetLib\Header">
      <UniqueIdentifier>{396e419a-1135-4d32-bf32-a0c2e270a34e}</UniqueIdentifier>
    </Filter>
    <Filter Include="소스 파일\NetLib\Struct">
      <UniqueIdentifier>{69b49469-b40c-4643-ad12-2b81c4c11c15}</UniqueIdentifier>
    </Filter>
    <Filter Include="소스 파일\Protocol">
      <UniqueIdentifier>{f57f74e5-6605-471d-8dae-4634caa580ec}</UniqueIdentifier>
    </Filter>
    <Filter Include="소스 파일\NetLib\Codec">
      <UniqueIdentifier>{a264d9cc-fde6-4f50-b80b-2837dec6ac5b}</UniqueIdentifier>
    </Filter>
  </ItemGroup>
  <ItemGroup>
    <ClCompile Include="NetServer.cpp">
      <Filter>소스 파일\NetLib\BaseServer</Filter>
    </ClCompile>
    <ClCompile Include="stdafx.cpp">
      <Filter>소스 파일\NetLib\Header</Filter>
    </ClCompile>
    <ClCompile Include="Main.cpp">
      <Filter>소스 파일</Filter>
    </ClCompile>
    <ClCompile Include="NetCodec.cpp">
      <Filter>소스 파일\NetLib\Codec</Filter>
    </ClCompile>
  </ItemGroup>
  <ItemGroup>
    <ClInclude Include="stdafx.h">
      <Filter>소스 파일\NetLib\Header</Filter>
    </ClInclude>
    <ClInclude Include="Struct.h">
      <Filter>소스 파일\NetLib\Struct</Filter>
    </ClInclude>
    <ClInclude Include="Protocol.h">
      <Filter>소스 파일\Protocol</Filter>
    </ClInclude>
    <ClInclude Include="NetServer.h">
      <Filter>소스 파일\NetLib\BaseServer</Filter>
    </ClInclude>
    <ClInclude Include="NetCodec.h">
      <Filter>소스 파일\NetLib\Codec</Filter>
    </ClInclude>
  </ItemGroup>
</Project>