<?xml version="1.0" encoding="utf-8"?>
<Project ToolsVersion="4.0" xmlns="http://schemas.microsoft.com/developer/msbuild/2003">
  <ItemGroup>
    <Filter Include="소스 파일">
      <UniqueIdentifier>{4FC737F1-C7A5-4376-A066-2A32D752A2FF}</UniqueIdentifier>
      <Extensions>cpp;c;cc;cxx;c++;cppm;ixx;def;odl;idl;hpj;bat;asm;asmx</Extensions>
    </Filter>
    <Filter Include="리소스 파일">
      <UniqueIdentifier>{67DA6AB6-F800-4c08-8B7A-83BB121AAD01}</UniqueIdentifier>
      <Extensions>rc;ico;cur;bmp;dlg;rc2;rct;bin;rgs;gif;jpg;jpeg;jpe;resx;tiff;tif;png;wav;mfcribbon-ms</Extensions>
    </Filter>
    <Filter Include="소스 파일\NetLib">
      <UniqueIdentifier>{ecf840e1-25f1-4847-9608-5685a241e2b3}</UniqueIdentifier>
    </Filter>
    <Filter Include="소스 파일\NetLib\Header">
      <UniqueIdentifier>{baf37f0d-f39b-46b0-9203-01bbe785054e}</UniqueIdentifier>
    </Filter>
    <Filter Include="소스 파일\NetLib\Struct">
      <UniqueIdentifier>{dc1bfe70-1743-4006-8138-e112ba34ac2b}</UniqueIdentifier>
    </Filter>
    <Filter Include="소스 파일\NetLib\BaseServer">
      <UniqueIdentifier>{b9b484ac-908c-4035-b2ff-2f90155e9f69}</UniqueIdentifier>
    </Filter>
    <Filter Include="소스 파일\Protocol">
      <UniqueIdentifier>{12e887e3-9733-46dd-bae7-14f3c8e73817}</UniqueIdentifier>
    </Filter>
    <Filter Include="소스 파일\NetLib\NetCodec">
      <UniqueIdentifier>{b805ec18-f5d3-4a27-978c-cebc626cc972}</UniqueIdentifier>
    </Filter>
    <Filter Include="소스 파일\Monitor">
      <UniqueIdentifier>{a6e9ea79-8ccd-49b3-8572-8bd028295a93}</UniqueIdentifier>
    </Filter>
    <Filter Include="소스 파일\NetLib\Utils">
      <UniqueIdentifier>{4eb0ba91-c6ea-4ddd-89b1-3151e7950538}</UniqueIdentifier>
    </Filter>
    <Filter Include="소스 파일\MonitoringServer">
      <UniqueIdentifier>{11eb4749-0370-4a36-84da-18fd3755ab71}</UniqueIdentifier>
    </Filter>
    <Filter Include="소스 파일\DB">
      <UniqueIdentifier>{04b31f84-891c-49cb-bafc-b700af49332f}</UniqueIdentifier>
    </Filter>
    <Filter Include="소스 파일\Config">
      <UniqueIdentifier>{cfe9339d-70d2-4929-ab57-19102b3fa7f2}</UniqueIdentifier>
    </Filter>
    <Filter Include="소스 파일\MonitoringServer\sendJob">
      <UniqueIdentifier>{a5c78e72-caeb-421f-93d1-0527aa5dffc5}</UniqueIdentifier>
    </Filter>
    <Filter Include="소스 파일\MonitoringServer\SS_MonitoringServer">
      <UniqueIdentifier>{ed5b31d2-4036-4d27-a471-a4555bd76bbb}</UniqueIdentifier>
    </Filter>
    <Filter Include="소스 파일\MonitoringServer\CS_MonitoringServer">
      <UniqueIdentifier>{b1ff43d3-a2b5-4392-8bac-84ef51de6b22}</UniqueIdentifier>
    </Filter>
    <Filter Include="소스 파일\MonitoringServer\LocalMonitoring">
      <UniqueIdentifier>{e4767728-1aa9-41a1-aa1e-dc4faedcdefb}</UniqueIdentifier>
    </Filter>
  </ItemGroup>
  <ItemGroup>
    <ClCompile Include="stdafx.cpp">
      <Filter>소스 파일\NetLib\Header</Filter>
    </ClCompile>
    <ClCompile Include="NetServer.cpp">
      <Filter>소스 파일\NetLib\BaseServer</Filter>
    </ClCompile>
    <ClCompile Include="Main.cpp">
      <Filter>소스 파일</Filter>
    </ClCompile>
    <ClCompile Include="NetCodec.cpp">
      <Filter>소스 파일\NetLib\NetCodec</Filter>
    </ClCompile>
    <ClCompile Include="Monitoring.cpp">
      <Filter>소스 파일\Monitor</Filter>
    </ClCompile>
    <ClCompile Include="Net_SerializeBuffer.cpp">
      <Filter>소스 파일\NetLib\Utils</Filter>
    </ClCompile>
    <ClCompile Include="SerializeBufferPtr.cpp">
      <Filter>소스 파일\NetLib\Utils</Filter>
    </ClCompile>
    <ClCompile Include="LogManager.cpp">
      <Filter>소스 파일\Monitor</Filter>
    </ClCompile>
    <ClCompile Include="DBConnector.cpp">
      <Filter>소스 파일\DB</Filter>
    </ClCompile>
    <ClCompile Include="DBJob.cpp">
      <Filter>소스 파일\DB</Filter>
    </ClCompile>
    <ClCompile Include="MyConfig.cpp">
      <Filter>소스 파일\Config</Filter>
    </ClCompile>
    <ClCompile Include="MonitoringServer.cpp">
      <Filter>소스 파일\MonitoringServer\CS_MonitoringServer</Filter>
    </ClCompile>
    <ClCompile Include="MonitoringServer_PacketProc.cpp">
      <Filter>소스 파일\MonitoringServer\CS_MonitoringServer</Filter>
    </ClCompile>
    <ClCompile Include="LanMonitoringServer.cpp">
      <Filter>소스 파일\MonitoringServer\SS_MonitoringServer</Filter>
    </ClCompile>
    <ClCompile Include="LanMonitoringServer_PacketProc.cpp">
      <Filter>소스 파일\MonitoringServer\SS_MonitoringServer</Filter>
    </ClCompile>
    <ClCompile Include="CpuUsage.cpp">
      <Filter>소스 파일\Monitor</Filter>
    </ClCompile>
    <ClCompile Include="LocalMonitoring.cpp">
      <Filter>소스 파일\MonitoringServer\LocalMonitoring</Filter>
    </ClCompile>
  </ItemGroup>
  <ItemGroup>
    <ClInclude Include="stdafx.h">
      <Filter>소스 파일\NetLib\Header</Filter>
    </ClInclude>
    <ClInclude Include="Protocol.h">
      <Filter>소스 파일\Protocol</Filter>
    </ClInclude>
    <ClInclude Include="Struct.h">
      <Filter>소스 파일\NetLib\Struct</Filter>
    </ClInclude>
    <ClInclude Include="NetServer.h">
      <Filter>소스 파일\NetLib\BaseServer</Filter>
    </ClInclude>
    <ClInclude Include="NetCodec.h">
      <Filter>소스 파일\NetLib\NetCodec</Filter>
    </ClInclude>
    <ClInclude Include="CommonProtocol.h">
      <Filter>소스 파일\Protocol</Filter>
    </ClInclude>
    <ClInclude Include="Monitoring.h">
      <Filter>소스 파일\Monitor</Filter>
    </ClInclude>
    <ClInclude Include="Net_SerializeBuffer.h">
      <Filter>소스 파일\NetLib\Utils</Filter>
    </ClInclude>
    <ClInclude Include="SerializeBufferPtr.h">
      <Filter>소스 파일\NetLib\Utils</Filter>
    </ClInclude>
    <ClInclude Include="TLS_MemoryPool.h">
      <Filter>소스 파일\NetLib\Utils</Filter>
    </ClInclude>
    <ClInclude Include="LogManager.h">
      <Filter>소스 파일\Monitor</Filter>
    </ClInclude>
    <ClInclude Include="LockFree_Queue.h">
      <Filter>소스 파일\NetLib\Utils</Filter>
    </ClInclude>
    <ClInclude Include="DBConnector.h">
      <Filter>소스 파일\DB</Filter>
    </ClInclude>
    <ClInclude Include="DBJob.h">
      <Filter>소스 파일\DB</Filter>
    </ClInclude>
    <ClInclude Include="MyConfig.h">
      <Filter>소스 파일\Config</Filter>
    </ClInclude>
    <ClInclude Include="SendJob.h">
      <Filter>소스 파일\MonitoringServer\sendJob</Filter>
    </ClInclude>
    <ClInclude Include="MonitoringServer.h">
      <Filter>소스 파일\MonitoringServer\CS_MonitoringServer</Filter>
    </ClInclude>
    <ClInclude Include="LanMonitoringServer.h">
      <Filter>소스 파일\MonitoringServer\SS_MonitoringServer</Filter>
    </ClInclude>
    <ClInclude Include="CpuUsage.h">
      <Filter>소스 파일\Monitor</Filter>
    </ClInclude>
    <ClInclude Include="LocalMonitoring.h">
      <Filter>소스 파일\MonitoringServer\LocalMonitoring</Filter>
    </ClInclude>
  </ItemGroup>
  <ItemGroup>
    <None Include="cpp.hint" />
  </ItemGroup>
</Project>