
Microsoft Visual Studio Solution File, Format Version 12.00
# Visual Studio Version 17
VisualStudioVersion = 17.11.35312.102
MinimumVisualStudioVersion = 10.0.40219.1
Project("{8BC9CEB8-8B4A-11D0-8D11-00A0C91BC942}") = "JPS2", "JPS2.vcxproj", "{31E1CFE9-2B46-4AEF-B9EC-F17BA6E59464}"
EndProject
Global
	GlobalSection(SolutionConfigurationPlatforms) = preSolution
		Debug|x64 = Debug|x64
		Debug|x86 = Debug|x86
		Release|x64 = Release|x64
		Release|x86 = Release|x86
	EndGlobalSection
	GlobalSection(ProjectConfigurationPlatforms) = postSolution
		{31E1CFE9-2B46-4AEF-B9EC-F17BA6E59464}.Debug|x64.ActiveCfg = Debug|x64
		{31E1CFE9-2B46-4AEF-B9EC-F17BA6E59464}.Debug|x64.Build.0 = Debug|x64
		{31E1CFE9-2B46-4AEF-B9EC-F17BA6E59464}.Debug|x86.ActiveCfg = Debug|Win32
		{31E1CFE9-2B46-4AEF-B9EC-F17BA6E59464}.Debug|x86.Build.0 = Debug|Win32
		{31E1CFE9-2B46-4AEF-B9EC-F17BA6E59464}.Release|x64.ActiveCfg = Release|x64
		{31E1CFE9-2B46-4AEF-B9EC-F17BA6E59464}.Release|x64.Build.0 = Release|x64
		{31E1CFE9-2B46-4AEF-B9EC-F17BA6E59464}.Release|x86.ActiveCfg = Release|Win32
		{31E1CFE9-2B46-4AEF-B9EC-F17BA6E59464}.Release|x86.Build.0 = Release|Win32
	EndGlobalSection
	GlobalSection(SolutionProperties) = preSolution
		HideSolutionNode = FALSE
	EndGlobalSection
	GlobalSection(ExtensibilityGlobals) = postSolution
		SolutionGuid = {7914E4A3-9397-487B-933B-70DB374496DF}
	EndGlobalSection
EndGlobal
